
Microsoft Visual Studio Solution File, Format Version 12.00
# Visual Studio Version 17
VisualStudioVersion = 17.2.32526.322
MinimumVisualStudioVersion = 10.0.40219.1
Project("{9A19103F-16F7-4668-BE54-9A1E7A4F7556}") = "Resume", "Resume\Resume.csproj", "{CCAE0335-3E7E-488E-9EDC-5967C2BB282E}"
EndProject
Project("{9A19103F-16F7-4668-BE54-9A1E7A4F7556}") = "BlazorComponentLibrary", "BlazorComponentLibrary\BlazorComponentLibrary.csproj", "{0B503264-88FD-43FE-B80C-5EC1E76D94BD}"
EndProject
Project("{FAE04EC0-301F-11D3-BF4B-00C04F79EFBC}") = "StaticFilesLibrary", "StaticFilesLibrary\StaticFilesLibrary.csproj", "{A8F9D109-70D7-46B8-823E-3696AB857F5F}"
EndProject
Global
	GlobalSection(SolutionConfigurationPlatforms) = preSolution
		Debug|Any CPU = Debug|Any CPU
		Debug|x64 = Debug|x64
		Debug|x86 = Debug|x86
		Release|Any CPU = Release|Any CPU
		Release|x64 = Release|x64
		Release|x86 = Release|x86
	EndGlobalSection
	GlobalSection(ProjectConfigurationPlatforms) = postSolution
		{CCAE0335-3E7E-488E-9EDC-5967C2BB282E}.Debug|Any CPU.ActiveCfg = Debug|Any CPU
		{CCAE0335-3E7E-488E-9EDC-5967C2BB282E}.Debug|Any CPU.Build.0 = Debug|Any CPU
		{CCAE0335-3E7E-488E-9EDC-5967C2BB282E}.Debug|x64.ActiveCfg = Debug|Any CPU
		{CCAE0335-3E7E-488E-9EDC-5967C2BB282E}.Debug|x64.Build.0 = Debug|Any CPU
		{CCAE0335-3E7E-488E-9EDC-5967C2BB282E}.Debug|x86.ActiveCfg = Debug|Any CPU
		{CCAE0335-3E7E-488E-9EDC-5967C2BB282E}.Debug|x86.Build.0 = Debug|Any CPU
		{CCAE0335-3E7E-488E-9EDC-5967C2BB282E}.Release|Any CPU.ActiveCfg = Release|Any CPU
		{CCAE0335-3E7E-488E-9EDC-5967C2BB282E}.Release|Any CPU.Build.0 = Release|Any CPU
		{CCAE0335-3E7E-488E-9EDC-5967C2BB282E}.Release|x64.ActiveCfg = Release|x86
		{CCAE0335-3E7E-488E-9EDC-5967C2BB282E}.Release|x64.Build.0 = Release|x86
		{CCAE0335-3E7E-488E-9EDC-5967C2BB282E}.Release|x86.ActiveCfg = Release|x86
		{CCAE0335-3E7E-488E-9EDC-5967C2BB282E}.Release|x86.Build.0 = Release|x86
		{0B503264-88FD-43FE-B80C-5EC1E76D94BD}.Debug|Any CPU.ActiveCfg = Debug|Any CPU
		{0B503264-88FD-43FE-B80C-5EC1E76D94BD}.Debug|Any CPU.Build.0 = Debug|Any CPU
		{0B503264-88FD-43FE-B80C-5EC1E76D94BD}.Debug|x64.ActiveCfg = Debug|Any CPU
		{0B503264-88FD-43FE-B80C-5EC1E76D94BD}.Debug|x64.Build.0 = Debug|Any CPU
		{0B503264-88FD-43FE-B80C-5EC1E76D94BD}.Debug|x86.ActiveCfg = Debug|Any CPU
		{0B503264-88FD-43FE-B80C-5EC1E76D94BD}.Debug|x86.Build.0 = Debug|Any CPU
		{0B503264-88FD-43FE-B80C-5EC1E76D94BD}.Release|Any CPU.ActiveCfg = Release|Any CPU
		{0B503264-88FD-43FE-B80C-5EC1E76D94BD}.Release|Any CPU.Build.0 = Release|Any CPU
		{0B503264-88FD-43FE-B80C-5EC1E76D94BD}.Release|x64.ActiveCfg = Release|x86
		{0B503264-88FD-43FE-B80C-5EC1E76D94BD}.Release|x64.Build.0 = Release|x86
		{0B503264-88FD-43FE-B80C-5EC1E76D94BD}.Release|x86.ActiveCfg = Release|x86
		{0B503264-88FD-43FE-B80C-5EC1E76D94BD}.Release|x86.Build.0 = Release|x86
		{A8F9D109-70D7-46B8-823E-3696AB857F5F}.Debug|Any CPU.ActiveCfg = Debug|Any CPU
		{A8F9D109-70D7-46B8-823E-3696AB857F5F}.Debug|Any CPU.Build.0 = Debug|Any CPU
		{A8F9D109-70D7-46B8-823E-3696AB857F5F}.Debug|x64.ActiveCfg = Debug|Any CPU
		{A8F9D109-70D7-46B8-823E-3696AB857F5F}.Debug|x64.Build.0 = Debug|Any CPU
		{A8F9D109-70D7-46B8-823E-3696AB857F5F}.Debug|x86.ActiveCfg = Debug|Any CPU
		{A8F9D109-70D7-46B8-823E-3696AB857F5F}.Debug|x86.Build.0 = Debug|Any CPU
		{A8F9D109-70D7-46B8-823E-3696AB857F5F}.Release|Any CPU.ActiveCfg = Release|Any CPU
		{A8F9D109-70D7-46B8-823E-3696AB857F5F}.Release|Any CPU.Build.0 = Release|Any CPU
		{A8F9D109-70D7-46B8-823E-3696AB857F5F}.Release|x64.ActiveCfg = Release|Any CPU
		{A8F9D109-70D7-46B8-823E-3696AB857F5F}.Release|x64.Build.0 = Release|Any CPU
		{A8F9D109-70D7-46B8-823E-3696AB857F5F}.Release|x86.ActiveCfg = Release|Any CPU
		{A8F9D109-70D7-46B8-823E-3696AB857F5F}.Release|x86.Build.0 = Release|Any CPU
	EndGlobalSection
	GlobalSection(SolutionProperties) = preSolution
		HideSolutionNode = FALSE
	EndGlobalSection
	GlobalSection(ExtensibilityGlobals) = postSolution
		RESX_CodeReferences = {"Items":[{"Expression":"\\W($File.$Key)\\W","Extensions":".cs,.xaml,.cshtml","IsCaseSensitive":true,"SingleLineComment":"\/\/"},{"Expression":"\\W($File.$Key)\\W","Extensions":".vbhtml","IsCaseSensitive":false,"SingleLineComment":null},{"Expression":"ResourceManager.GetString\\(\"($Key)\"\\)","Extensions":".cs","IsCaseSensitive":true,"SingleLineComment":"\/\/"},{"Expression":"typeof\\((\\w+\\.)*($File)\\).+\"($Key)\"|\"($Key)\".+typeof\\((\\w+\\.)*($File)\\)","Extensions":".cs","IsCaseSensitive":true,"SingleLineComment":"\/\/"},{"Expression":"\\W($Key)\\W","Extensions":".vb","IsCaseSensitive":false,"SingleLineComment":"'"},{"Expression":"\\W($File::$Key)\\W","Extensions":".cpp,.c,.hxx,.h","IsCaseSensitive":true,"SingleLineComment":"\/\/"},{"Expression":"&lt;%\\$\\s+Resources:\\s*($File)\\s*,\\s*($Key)\\s*%&gt;","Extensions":".aspx,.ascx,.master","IsCaseSensitive":true,"SingleLineComment":null},{"Expression":"StringResourceKey\\.($Key)","Extensions":".cs","IsCaseSensitive":true,"SingleLineComment":"\/\/"},{"Expression":"\\.($Key)","Extensions":".ts,.html","IsCaseSensitive":true,"SingleLineComment":"\/\/"},{"Expression":"","Extensions":"","IsCaseSensitive":true,"SingleLineComment":null}]}
		RESX_NeutralResourcesLanguage = en-US
		SolutionGuid = {21F86FE0-F143-4697-BE62-1DB9F70E45B4}
		RESX_MoveToResources = {"Items":[{"Extensions":".cs,.vb","Patterns":"$Namespace.$File.$Key|$File.$Key|StringResourceKey.$Key|$Namespace.StringResourceKey.$Key|nameof($File.$Key), ResourceType = typeof($File)|ErrorMessageResourceType = typeof($File), ErrorMessageResourceName = nameof($File.$Key)"},{"Extensions":".cshtml,.vbhtml,.razor","Patterns":"@Localizer[\"$Key\"]|@$Namespace.$File.$Key|@$File.$Key|@StringResourceKey.$Key|@$Namespace.StringResourceKey.$Key"},{"Extensions":".cpp,.c,.hxx,.h","Patterns":"$File::$Key"},{"Extensions":".aspx,.ascx","Patterns":"<%$ Resources:$File,$Key %>|<%= $File.$Key %>|<%= $Namespace.$File.$Key %>"},{"Extensions":".xaml","Patterns":"\"{x:Static properties:$File.$Key}\""},{"Extensions":".ts","Patterns":"resources.$Key"},{"Extensions":".html","Patterns":"{{ resources.$Key }}"}]}
		RESX_TranslatorConfiguration = {"Azure":"{\"AutoDetectHtml\":true,\"MaxCharactersPerMinute\":33300,\"AuthenticationKey\":null,\"Region\":null,\"IsEnabled\":false,\"SaveCredentials\":false,\"Ranking\":1.0}","Baidu":"{\"AppId\":null,\"SecretKey\":null,\"ApiUrl\":null,\"Domain\":null,\"IsEnabled\":false,\"SaveCredentials\":false,\"Ranking\":1.0}","DeepL":"{\"ApiKey\":null,\"ApiUrl\":null,\"IsEnabled\":false,\"SaveCredentials\":false,\"Ranking\":1.0}","Google":"{\"ApiKey\":null,\"IsEnabled\":false,\"SaveCredentials\":false,\"Ranking\":1.0}","MSTerm":"{\"IsEnabled\":false,\"SaveCredentials\":false,\"Ranking\":1.0}","MyMemory":"{\"Key\":null,\"Mail\":null,\"IsEnabled\":false,\"SaveCredentials\":false,\"Ranking\":1.0}"}
	EndGlobalSection
EndGlobal
